
Microsoft Visual Studio Solution File, Format Version 12.00
# Visual Studio Version 17
VisualStudioVersion = 17.10.35122.118
MinimumVisualStudioVersion = 10.0.40219.1
Project("{FAE04EC0-301F-11D3-BF4B-00C04F79EFBC}") = "TextDungeon", "TextDungeon\TextDungeon.csproj", "{4DB14BB2-F763-4C8E-AA0A-E2E1C8E06EFE}"
EndProject
Global
	GlobalSection(SolutionConfigurationPlatforms) = preSolution
		Debug|Any CPU = Debug|Any CPU
		Release|Any CPU = Release|Any CPU
	EndGlobalSection
	GlobalSection(ProjectConfigurationPlatforms) = postSolution
		{4DB14BB2-F763-4C8E-AA0A-E2E1C8E06EFE}.Debug|Any CPU.ActiveCfg = Debug|Any CPU
		{4DB14BB2-F763-4C8E-AA0A-E2E1C8E06EFE}.Debug|Any CPU.Build.0 = Debug|Any CPU
		{4DB14BB2-F763-4C8E-AA0A-E2E1C8E06EFE}.Release|Any CPU.ActiveCfg = Release|Any CPU
		{4DB14BB2-F763-4C8E-AA0A-E2E1C8E06EFE}.Release|Any CPU.Build.0 = Release|Any CPU
	EndGlobalSection
	GlobalSection(SolutionProperties) = preSolution
		HideSolutionNode = FALSE
	EndGlobalSection
	GlobalSection(ExtensibilityGlobals) = postSolution
		SolutionGuid = {D6243E5D-F113-4FA3-BFAC-40ADFC0DE2C8}
	EndGlobalSection
EndGlobal
